<?xml version="1.0" encoding="UTF-8" standalone="yes" ?>
<CodeBlocks_project_file>
	<FileVersion major="1" minor="6" />
	<Project>
		<Option title="Echecs" />
		<Option pch_mode="2" />
		<Option compiler="gcc" />
		<Build>
			<Target title="Debug">
				<Option output="bin/Debug/Echecs" prefix_auto="1" extension_auto="1" />
				<Option object_output="obj/Debug/" />
				<Option type="1" />
				<Option compiler="gcc" />
				<Compiler>
					<Add option="-g" />
					<Add directory="include" />
				</Compiler>
			</Target>
			<Target title="Release">
				<Option output="bin/Release/Echecs" prefix_auto="1" extension_auto="1" />
				<Option object_output="obj/Release/" />
				<Option type="1" />
				<Option compiler="gcc" />
				<Compiler>
					<Add option="-O2" />
					<Add directory="include" />
				</Compiler>
				<Linker>
					<Add option="-s" />
				</Linker>
			</Target>
		</Build>
		<Compiler>
			<Add option="-Wall" />
			<Add option="-fexceptions" />
		</Compiler>
		<Unit filename="include/Cavalier.h" />
		<Unit filename="include/Echiquier.h" />
		<Unit filename="include/Fou.h" />
		<Unit filename="include/Jeu.h" />
		<Unit filename="include/Joueur.h" />
		<Unit filename="include/JoueurBlanc.h" />
		<Unit filename="include/JoueurNoir.h" />
		<Unit filename="include/Piece.h" />
		<Unit filename="include/Pion.h" />
		<Unit filename="include/Reine.h" />
		<Unit filename="include/Roi.h" />
		<Unit filename="include/Tour.h" />
		<Unit filename="main.cpp" />
		<Unit filename="src/Cavalier.cpp" />
		<Unit filename="src/Echiquier.cpp" />
		<Unit filename="src/Fou.cpp" />
		<Unit filename="src/Jeu.cpp" />
		<Unit filename="src/Joueur.cpp" />
		<Unit filename="src/JoueurBlanc.cpp" />
		<Unit filename="src/JoueurNoir.cpp" />
		<Unit filename="src/Piece.cpp" />
		<Unit filename="src/Pion.cpp" />
		<Unit filename="src/Reine.cpp" />
		<Unit filename="src/Roi.cpp" />
		<Unit filename="src/Tour.cpp" />
		<Extensions>
			<code_completion />
			<envvars />
			<debugger />
		</Extensions>
	</Project>
</CodeBlocks_project_file>
